
Microsoft Visual Studio Solution File, Format Version 12.00
Project("{FAE04EC0-301F-11D3-BF4B-00C04F79EFBC}") = "factoryDesign", "factoryDesign\factoryDesign.csproj", "{5B3960CE-DAB3-4A67-92BD-770C198691D0}"
EndProject
Project("{FAE04EC0-301F-11D3-BF4B-00C04F79EFBC}") = "observer", "observer\observer.csproj", "{319D1854-44E9-40C9-8711-83DBEA4BF234}"
EndProject
Project("{FAE04EC0-301F-11D3-BF4B-00C04F79EFBC}") = "Builder", "Builder\Builder.csproj", "{2FFB1F5E-CB79-4EE1-A831-5E2490A93C35}"
EndProject
Project("{FAE04EC0-301F-11D3-BF4B-00C04F79EFBC}") = "Singlton", "Singlton\Singlton.csproj", "{35BF4071-994F-42C1-86C0-E0ED566F1BED}"
EndProject
Project("{FAE04EC0-301F-11D3-BF4B-00C04F79EFBC}") = "Status", "Status\Status.csproj", "{11FB6A0C-DA75-486B-B399-475DBC66091D}"
EndProject
Project("{FAE04EC0-301F-11D3-BF4B-00C04F79EFBC}") = "Adapter", "Adapter\Adapter.csproj", "{2B1A3E2E-2B56-4E46-80B9-A06B206CD7C1}"
EndProject
Global
	GlobalSection(SolutionConfigurationPlatforms) = preSolution
		Debug|Any CPU = Debug|Any CPU
		Release|Any CPU = Release|Any CPU
	EndGlobalSection
	GlobalSection(ProjectConfigurationPlatforms) = postSolution
		{5B3960CE-DAB3-4A67-92BD-770C198691D0}.Debug|Any CPU.ActiveCfg = Debug|Any CPU
		{5B3960CE-DAB3-4A67-92BD-770C198691D0}.Debug|Any CPU.Build.0 = Debug|Any CPU
		{5B3960CE-DAB3-4A67-92BD-770C198691D0}.Release|Any CPU.ActiveCfg = Release|Any CPU
		{5B3960CE-DAB3-4A67-92BD-770C198691D0}.Release|Any CPU.Build.0 = Release|Any CPU
		{319D1854-44E9-40C9-8711-83DBEA4BF234}.Debug|Any CPU.ActiveCfg = Debug|Any CPU
		{319D1854-44E9-40C9-8711-83DBEA4BF234}.Debug|Any CPU.Build.0 = Debug|Any CPU
		{319D1854-44E9-40C9-8711-83DBEA4BF234}.Release|Any CPU.ActiveCfg = Release|Any CPU
		{319D1854-44E9-40C9-8711-83DBEA4BF234}.Release|Any CPU.Build.0 = Release|Any CPU
		{2FFB1F5E-CB79-4EE1-A831-5E2490A93C35}.Debug|Any CPU.ActiveCfg = Debug|Any CPU
		{2FFB1F5E-CB79-4EE1-A831-5E2490A93C35}.Debug|Any CPU.Build.0 = Debug|Any CPU
		{2FFB1F5E-CB79-4EE1-A831-5E2490A93C35}.Release|Any CPU.ActiveCfg = Release|Any CPU
		{2FFB1F5E-CB79-4EE1-A831-5E2490A93C35}.Release|Any CPU.Build.0 = Release|Any CPU
		{35BF4071-994F-42C1-86C0-E0ED566F1BED}.Debug|Any CPU.ActiveCfg = Debug|Any CPU
		{35BF4071-994F-42C1-86C0-E0ED566F1BED}.Debug|Any CPU.Build.0 = Debug|Any CPU
		{35BF4071-994F-42C1-86C0-E0ED566F1BED}.Release|Any CPU.ActiveCfg = Release|Any CPU
		{35BF4071-994F-42C1-86C0-E0ED566F1BED}.Release|Any CPU.Build.0 = Release|Any CPU
		{11FB6A0C-DA75-486B-B399-475DBC66091D}.Debug|Any CPU.ActiveCfg = Debug|Any CPU
		{11FB6A0C-DA75-486B-B399-475DBC66091D}.Debug|Any CPU.Build.0 = Debug|Any CPU
		{11FB6A0C-DA75-486B-B399-475DBC66091D}.Release|Any CPU.ActiveCfg = Release|Any CPU
		{11FB6A0C-DA75-486B-B399-475DBC66091D}.Release|Any CPU.Build.0 = Release|Any CPU
		{2B1A3E2E-2B56-4E46-80B9-A06B206CD7C1}.Debug|Any CPU.ActiveCfg = Debug|Any CPU
		{2B1A3E2E-2B56-4E46-80B9-A06B206CD7C1}.Debug|Any CPU.Build.0 = Debug|Any CPU
		{2B1A3E2E-2B56-4E46-80B9-A06B206CD7C1}.Release|Any CPU.ActiveCfg = Release|Any CPU
		{2B1A3E2E-2B56-4E46-80B9-A06B206CD7C1}.Release|Any CPU.Build.0 = Release|Any CPU
	EndGlobalSection
EndGlobal
